
Microsoft Visual Studio Solution File, Format Version 12.00
# Visual Studio 2012
Project("{8BC9CEB8-8B4A-11D0-8D11-00A0C91BC942}") = "ChuanQiGuaJi", "ChuanQiGuaJi.vcxproj", "{31496479-3AFA-4F26-A896-9F3C3BFE6653}"
EndProject
Project("{8BC9CEB8-8B4A-11D0-8D11-00A0C91BC942}") = "libevent", "..\depends\inc\LIBEVENT-WIN\libevent-2.0.21-stable\proj.win32\libevent.vcxproj", "{254DF27D-E386-4D79-B2FD-445FE63A9083}"
EndProject
Global
	GlobalSection(SolutionConfigurationPlatforms) = preSolution
		Debug|Win32 = Debug|Win32
		Release|Win32 = Release|Win32
	EndGlobalSection
	GlobalSection(ProjectConfigurationPlatforms) = postSolution
		{31496479-3AFA-4F26-A896-9F3C3BFE6653}.Debug|Win32.ActiveCfg = Debug|Win32
		{31496479-3AFA-4F26-A896-9F3C3BFE6653}.Debug|Win32.Build.0 = Debug|Win32
		{31496479-3AFA-4F26-A896-9F3C3BFE6653}.Release|Win32.ActiveCfg = Release|Win32
		{31496479-3AFA-4F26-A896-9F3C3BFE6653}.Release|Win32.Build.0 = Release|Win32
		{254DF27D-E386-4D79-B2FD-445FE63A9083}.Debug|Win32.ActiveCfg = Debug|Win32
		{254DF27D-E386-4D79-B2FD-445FE63A9083}.Debug|Win32.Build.0 = Debug|Win32
		{254DF27D-E386-4D79-B2FD-445FE63A9083}.Release|Win32.ActiveCfg = Release|Win32
		{254DF27D-E386-4D79-B2FD-445FE63A9083}.Release|Win32.Build.0 = Release|Win32
	EndGlobalSection
	GlobalSection(SolutionProperties) = preSolution
		HideSolutionNode = FALSE
	EndGlobalSection
EndGlobal
